
Microsoft Visual Studio Solution File, Format Version 12.00
# Visual Studio Version 17
VisualStudioVersion = 17.3.32825.248
MinimumVisualStudioVersion = 10.0.40219.1
Project("{FAE04EC0-301F-11D3-BF4B-00C04F79EFBC}") = "3 игры", "3 игры\3 игры.csproj", "{702BB501-F8B2-41DB-80AA-367F65193C36}"
EndProject
Global
	GlobalSection(SolutionConfigurationPlatforms) = preSolution
		Debug|Any CPU = Debug|Any CPU
		Release|Any CPU = Release|Any CPU
	EndGlobalSection
	GlobalSection(ProjectConfigurationPlatforms) = postSolution
		{702BB501-F8B2-41DB-80AA-367F65193C36}.Debug|Any CPU.ActiveCfg = Debug|Any CPU
		{702BB501-F8B2-41DB-80AA-367F65193C36}.Debug|Any CPU.Build.0 = Debug|Any CPU
		{702BB501-F8B2-41DB-80AA-367F65193C36}.Release|Any CPU.ActiveCfg = Release|Any CPU
		{702BB501-F8B2-41DB-80AA-367F65193C36}.Release|Any CPU.Build.0 = Release|Any CPU
	EndGlobalSection
	GlobalSection(SolutionProperties) = preSolution
		HideSolutionNode = FALSE
	EndGlobalSection
	GlobalSection(ExtensibilityGlobals) = postSolution
		SolutionGuid = {E5D1B84C-80AE-477B-9360-AC3A8CF750CB}
	EndGlobalSection
EndGlobal
